
Microsoft Visual Studio Solution File, Format Version 12.00
# Visual Studio 15
VisualStudioVersion = 15.0.27130.2027
MinimumVisualStudioVersion = 10.0.40219.1
Project("{FAE04EC0-301F-11D3-BF4B-00C04F79EFBC}") = "Appointments_App", "Appointments_App\Appointments_App.csproj", "{4C184DFD-C200-4930-883A-6EB48F3F61CB}"
EndProject
Global
	GlobalSection(SolutionConfigurationPlatforms) = preSolution
		Debug|Any CPU = Debug|Any CPU
		Release|Any CPU = Release|Any CPU
	EndGlobalSection
	GlobalSection(ProjectConfigurationPlatforms) = postSolution
		{4C184DFD-C200-4930-883A-6EB48F3F61CB}.Debug|Any CPU.ActiveCfg = Debug|Any CPU
		{4C184DFD-C200-4930-883A-6EB48F3F61CB}.Debug|Any CPU.Build.0 = Debug|Any CPU
		{4C184DFD-C200-4930-883A-6EB48F3F61CB}.Release|Any CPU.ActiveCfg = Release|Any CPU
		{4C184DFD-C200-4930-883A-6EB48F3F61CB}.Release|Any CPU.Build.0 = Release|Any CPU
	EndGlobalSection
	GlobalSection(SolutionProperties) = preSolution
		HideSolutionNode = FALSE
	EndGlobalSection
	GlobalSection(ExtensibilityGlobals) = postSolution
		SolutionGuid = {A7ECA985-7BEE-4F72-93E6-FAB0C1A70DED}
	EndGlobalSection
EndGlobal
